
Microsoft Visual Studio Solution File, Format Version 12.00
# Visual Studio Version 16
VisualStudioVersion = 16.0.30114.105
MinimumVisualStudioVersion = 10.0.40219.1
Project("{FAE04EC0-301F-11D3-BF4B-00C04F79EFBC}") = "SalesApp", "SalesApp\SalesApp.csproj", "{1A75CD78-094A-43C3-BD47-EA06ABE0819E}"
EndProject
Project("{FAE04EC0-301F-11D3-BF4B-00C04F79EFBC}") = "SalesApp.Clients", "SalesApp.Clients\SalesApp.Clients.csproj", "{FEE0842D-1B10-4990-B4BC-D2F5FE525680}"
EndProject
Project("{FAE04EC0-301F-11D3-BF4B-00C04F79EFBC}") = "SalesApp.Products", "SalesApp.Products\SalesApp.Products.csproj", "{B1911ABB-A909-4D13-B679-0233528455E9}"
EndProject
Project("{FAE04EC0-301F-11D3-BF4B-00C04F79EFBC}") = "ShowcaseApplication.Core", "ShowcaseApplication.Core\ShowcaseApplication.Core.csproj", "{FCC9858D-C57E-44BD-9CB4-E3ED99092AAF}"
EndProject
Project("{FAE04EC0-301F-11D3-BF4B-00C04F79EFBC}") = "SalesApp.Orders", "SalesApp.Orders\SalesApp.Orders.csproj", "{43CD4133-47C9-4F70-A82C-9C514A16FB9A}"
EndProject
Project("{FAE04EC0-301F-11D3-BF4B-00C04F79EFBC}") = "SalesApp.DbAccess", "SalesApp.DbAccess\SalesApp.DbAccess.csproj", "{9DA5D2D2-CDF7-4789-9505-026213841983}"
EndProject
Project("{FAE04EC0-301F-11D3-BF4B-00C04F79EFBC}") = "SalesApp.Model", "SalesApp.Model\SalesApp.Model.csproj", "{2FB22223-61BF-4131-8170-98F685514E3F}"
EndProject
Project("{FAE04EC0-301F-11D3-BF4B-00C04F79EFBC}") = "ShowcaseApplication.Controls", "ShowcaseApplication.Controls\ShowcaseApplication.Controls.csproj", "{804374EA-F034-43A3-9E4F-6BC30DDDD1CB}"
EndProject
Global
	GlobalSection(SolutionConfigurationPlatforms) = preSolution
		Debug|Any CPU = Debug|Any CPU
		Release|Any CPU = Release|Any CPU
	EndGlobalSection
	GlobalSection(SolutionProperties) = preSolution
		HideSolutionNode = FALSE
	EndGlobalSection
	GlobalSection(ProjectConfigurationPlatforms) = postSolution
		{1A75CD78-094A-43C3-BD47-EA06ABE0819E}.Debug|Any CPU.ActiveCfg = Debug|Any CPU
		{1A75CD78-094A-43C3-BD47-EA06ABE0819E}.Debug|Any CPU.Build.0 = Debug|Any CPU
		{1A75CD78-094A-43C3-BD47-EA06ABE0819E}.Release|Any CPU.ActiveCfg = Release|Any CPU
		{1A75CD78-094A-43C3-BD47-EA06ABE0819E}.Release|Any CPU.Build.0 = Release|Any CPU
		{FEE0842D-1B10-4990-B4BC-D2F5FE525680}.Debug|Any CPU.ActiveCfg = Debug|Any CPU
		{FEE0842D-1B10-4990-B4BC-D2F5FE525680}.Debug|Any CPU.Build.0 = Debug|Any CPU
		{FEE0842D-1B10-4990-B4BC-D2F5FE525680}.Release|Any CPU.ActiveCfg = Release|Any CPU
		{FEE0842D-1B10-4990-B4BC-D2F5FE525680}.Release|Any CPU.Build.0 = Release|Any CPU
		{B1911ABB-A909-4D13-B679-0233528455E9}.Debug|Any CPU.ActiveCfg = Debug|Any CPU
		{B1911ABB-A909-4D13-B679-0233528455E9}.Debug|Any CPU.Build.0 = Debug|Any CPU
		{B1911ABB-A909-4D13-B679-0233528455E9}.Release|Any CPU.ActiveCfg = Release|Any CPU
		{B1911ABB-A909-4D13-B679-0233528455E9}.Release|Any CPU.Build.0 = Release|Any CPU
		{FCC9858D-C57E-44BD-9CB4-E3ED99092AAF}.Debug|Any CPU.ActiveCfg = Debug|Any CPU
		{FCC9858D-C57E-44BD-9CB4-E3ED99092AAF}.Debug|Any CPU.Build.0 = Debug|Any CPU
		{FCC9858D-C57E-44BD-9CB4-E3ED99092AAF}.Release|Any CPU.ActiveCfg = Release|Any CPU
		{FCC9858D-C57E-44BD-9CB4-E3ED99092AAF}.Release|Any CPU.Build.0 = Release|Any CPU
		{43CD4133-47C9-4F70-A82C-9C514A16FB9A}.Debug|Any CPU.ActiveCfg = Debug|Any CPU
		{43CD4133-47C9-4F70-A82C-9C514A16FB9A}.Debug|Any CPU.Build.0 = Debug|Any CPU
		{43CD4133-47C9-4F70-A82C-9C514A16FB9A}.Release|Any CPU.ActiveCfg = Release|Any CPU
		{43CD4133-47C9-4F70-A82C-9C514A16FB9A}.Release|Any CPU.Build.0 = Release|Any CPU
		{9DA5D2D2-CDF7-4789-9505-026213841983}.Debug|Any CPU.ActiveCfg = Debug|Any CPU
		{9DA5D2D2-CDF7-4789-9505-026213841983}.Debug|Any CPU.Build.0 = Debug|Any CPU
		{9DA5D2D2-CDF7-4789-9505-026213841983}.Release|Any CPU.ActiveCfg = Release|Any CPU
		{9DA5D2D2-CDF7-4789-9505-026213841983}.Release|Any CPU.Build.0 = Release|Any CPU
		{2FB22223-61BF-4131-8170-98F685514E3F}.Debug|Any CPU.ActiveCfg = Debug|Any CPU
		{2FB22223-61BF-4131-8170-98F685514E3F}.Debug|Any CPU.Build.0 = Debug|Any CPU
		{2FB22223-61BF-4131-8170-98F685514E3F}.Release|Any CPU.ActiveCfg = Release|Any CPU
		{2FB22223-61BF-4131-8170-98F685514E3F}.Release|Any CPU.Build.0 = Release|Any CPU
		{804374EA-F034-43A3-9E4F-6BC30DDDD1CB}.Debug|Any CPU.ActiveCfg = Debug|Any CPU
		{804374EA-F034-43A3-9E4F-6BC30DDDD1CB}.Debug|Any CPU.Build.0 = Debug|Any CPU
		{804374EA-F034-43A3-9E4F-6BC30DDDD1CB}.Release|Any CPU.ActiveCfg = Release|Any CPU
		{804374EA-F034-43A3-9E4F-6BC30DDDD1CB}.Release|Any CPU.Build.0 = Release|Any CPU
	EndGlobalSection
EndGlobal
